
Microsoft Visual Studio Solution File, Format Version 12.00
# Visual Studio Version 16
VisualStudioVersion = 16.0.30907.101
MinimumVisualStudioVersion = 10.0.40219.1
Project("{FAE04EC0-301F-11D3-BF4B-00C04F79EFBC}") = "EstruturasRepeticao_Exec", "EstruturasRepeticao_Exec\EstruturasRepeticao_Exec.csproj", "{DF924EE8-F7EC-4005-9D61-35B78DAB26EE}"
EndProject
Global
	GlobalSection(SolutionConfigurationPlatforms) = preSolution
		Debug|Any CPU = Debug|Any CPU
		Release|Any CPU = Release|Any CPU
	EndGlobalSection
	GlobalSection(ProjectConfigurationPlatforms) = postSolution
		{DF924EE8-F7EC-4005-9D61-35B78DAB26EE}.Debug|Any CPU.ActiveCfg = Debug|Any CPU
		{DF924EE8-F7EC-4005-9D61-35B78DAB26EE}.Debug|Any CPU.Build.0 = Debug|Any CPU
		{DF924EE8-F7EC-4005-9D61-35B78DAB26EE}.Release|Any CPU.ActiveCfg = Release|Any CPU
		{DF924EE8-F7EC-4005-9D61-35B78DAB26EE}.Release|Any CPU.Build.0 = Release|Any CPU
	EndGlobalSection
	GlobalSection(SolutionProperties) = preSolution
		HideSolutionNode = FALSE
	EndGlobalSection
	GlobalSection(ExtensibilityGlobals) = postSolution
		SolutionGuid = {B86C448F-22B3-429B-A539-61EE162F4FD5}
	EndGlobalSection
EndGlobal
